// !$*UTF8*$!
{
	archiveVersion = 1;
	classes = {
	};
	objectVersion = 56;
	objects = {

/* Begin PBXBuildFile section */
		3D1946EA2BD1AC23002AB238 /* SplashScreen.swift in Sources */ = {isa = PBXBuildFile; fileRef = 3D1946E92BD1AC23002AB238 /* SplashScreen.swift */; };
		3D1946EE2BD1B14A002AB238 /* MainViewViewModel.swift in Sources */ = {isa = PBXBuildFile; fileRef = 3D1946ED2BD1B14A002AB238 /* MainViewViewModel.swift */; };
		3D20C9D72BC0898400B7353B /* CitySelectionView.swift in Sources */ = {isa = PBXBuildFile; fileRef = 3D20C9D62BC0898400B7353B /* CitySelectionView.swift */; };
		3D20C9DB2BC08A6900B7353B /* StationSelection.swift in Sources */ = {isa = PBXBuildFile; fileRef = 3D20C9DA2BC08A6900B7353B /* StationSelection.swift */; };
		3D20C9E22BC0937700B7353B /* RouteListView.swift in Sources */ = {isa = PBXBuildFile; fileRef = 3D20C9E12BC0937700B7353B /* RouteListView.swift */; };
		3D20C9EA2BC09FC300B7353B /* FilterView.swift in Sources */ = {isa = PBXBuildFile; fileRef = 3D20C9E92BC09FC300B7353B /* FilterView.swift */; };
		3D2C64792B91145E0066FBF6 /* TravelTimetableApp.swift in Sources */ = {isa = PBXBuildFile; fileRef = 3D2C64782B91145E0066FBF6 /* TravelTimetableApp.swift */; };
		3D2C647D2B9114600066FBF6 /* Assets.xcassets in Resources */ = {isa = PBXBuildFile; fileRef = 3D2C647C2B9114600066FBF6 /* Assets.xcassets */; };
		3D2C64802B9114600066FBF6 /* Preview Assets.xcassets in Resources */ = {isa = PBXBuildFile; fileRef = 3D2C647F2B9114600066FBF6 /* Preview Assets.xcassets */; };
		3D2D4ECE2BE1616C003B0F25 /* CityManager.swift in Sources */ = {isa = PBXBuildFile; fileRef = 3D2D4ECD2BE1616C003B0F25 /* CityManager.swift */; };
		3D3A78262BD51C6C008A2F1E /* CitySelectionViewModel.swift in Sources */ = {isa = PBXBuildFile; fileRef = 3D3A78252BD51C6C008A2F1E /* CitySelectionViewModel.swift */; };
		3D6DC64F2BBF431B008882FE /* MainView.swift in Sources */ = {isa = PBXBuildFile; fileRef = 3D6DC64E2BBF431B008882FE /* MainView.swift */; };
		3D6DC6512BBF4330008882FE /* SettingsView.swift in Sources */ = {isa = PBXBuildFile; fileRef = 3D6DC6502BBF4330008882FE /* SettingsView.swift */; };
		3D6DC6562BBF4985008882FE /* Story.swift in Sources */ = {isa = PBXBuildFile; fileRef = 3D6DC6552BBF4985008882FE /* Story.swift */; };
		3DAFC92F2B948C8B007B7CB4 /* OpenAPIURLSession in Frameworks */ = {isa = PBXBuildFile; productRef = 3DAFC92E2B948C8B007B7CB4 /* OpenAPIURLSession */; };
		3DAFC9352B948D11007B7CB4 /* openapi-generator-config.yaml in Resources */ = {isa = PBXBuildFile; fileRef = 3DAFC9342B948D11007B7CB4 /* openapi-generator-config.yaml */; };
		3DAFC93A2B948E15007B7CB4 /* OpenAPIRuntime in Frameworks */ = {isa = PBXBuildFile; productRef = 3DAFC9392B948E15007B7CB4 /* OpenAPIRuntime */; };
		3DBB555A2B9ACF5D005CFAD0 /* Request.swift in Sources */ = {isa = PBXBuildFile; fileRef = 3DBB55592B9ACF5D005CFAD0 /* Request.swift */; };
		3DBB55602B9D0340005CFAD0 /* HTTPBody+Extension.swift in Sources */ = {isa = PBXBuildFile; fileRef = 3DBB555F2B9D0340005CFAD0 /* HTTPBody+Extension.swift */; };
		3DBB55662B9D09B9005CFAD0 /* openapi.yaml in Resources */ = {isa = PBXBuildFile; fileRef = 3DBB55652B9D09B9005CFAD0 /* openapi.yaml */; };
		3DF3CAAF2B97C5C000F27668 /* NetworkService.swift in Sources */ = {isa = PBXBuildFile; fileRef = 3DF3CAAE2B97C5C000F27668 /* NetworkService.swift */; };
		3DF8D7462BC1632700099CCC /* CarrierInfoView.swift in Sources */ = {isa = PBXBuildFile; fileRef = 3DF8D7452BC1632700099CCC /* CarrierInfoView.swift */; };
		3DF8D74E2BC16D6300099CCC /* StoryView.swift in Sources */ = {isa = PBXBuildFile; fileRef = 3DF8D74D2BC16D6300099CCC /* StoryView.swift */; };
		DD45DB902BE5357D00C702BC /* ColorSchemeManager.swift in Sources */ = {isa = PBXBuildFile; fileRef = DD45DB8F2BE5357D00C702BC /* ColorSchemeManager.swift */; };
		DD45DB922BE536A100C702BC /* SettingViewModel.swift in Sources */ = {isa = PBXBuildFile; fileRef = DD45DB912BE536A100C702BC /* SettingViewModel.swift */; };
		DD807B4F2BD806DC005BE914 /* StationSelectionViewModel.swift in Sources */ = {isa = PBXBuildFile; fileRef = DD807B4E2BD806DC005BE914 /* StationSelectionViewModel.swift */; };
/* End PBXBuildFile section */

/* Begin PBXFileReference section */
		3D1946E92BD1AC23002AB238 /* SplashScreen.swift */ = {isa = PBXFileReference; lastKnownFileType = sourcecode.swift; name = SplashScreen.swift; path = TravelTimetable/Scenes/SplashScreen.swift; sourceTree = SOURCE_ROOT; };
		3D1946ED2BD1B14A002AB238 /* MainViewViewModel.swift */ = {isa = PBXFileReference; lastKnownFileType = sourcecode.swift; path = MainViewViewModel.swift; sourceTree = "<group>"; };
		3D20C9D62BC0898400B7353B /* CitySelectionView.swift */ = {isa = PBXFileReference; fileEncoding = 4; lastKnownFileType = sourcecode.swift; name = CitySelectionView.swift; path = TravelTimetable/Scenes/Main/CitySelection/CitySelectionView.swift; sourceTree = SOURCE_ROOT; };
		3D20C9DA2BC08A6900B7353B /* StationSelection.swift */ = {isa = PBXFileReference; lastKnownFileType = sourcecode.swift; path = StationSelection.swift; sourceTree = "<group>"; };
		3D20C9E12BC0937700B7353B /* RouteListView.swift */ = {isa = PBXFileReference; lastKnownFileType = sourcecode.swift; path = RouteListView.swift; sourceTree = "<group>"; };
		3D20C9E92BC09FC300B7353B /* FilterView.swift */ = {isa = PBXFileReference; lastKnownFileType = sourcecode.swift; path = FilterView.swift; sourceTree = "<group>"; };
		3D2C64752B91145E0066FBF6 /* TravelTimetable.app */ = {isa = PBXFileReference; explicitFileType = wrapper.application; includeInIndex = 0; path = TravelTimetable.app; sourceTree = BUILT_PRODUCTS_DIR; };
		3D2C64782B91145E0066FBF6 /* TravelTimetableApp.swift */ = {isa = PBXFileReference; lastKnownFileType = sourcecode.swift; path = TravelTimetableApp.swift; sourceTree = "<group>"; };
		3D2C647C2B9114600066FBF6 /* Assets.xcassets */ = {isa = PBXFileReference; lastKnownFileType = folder.assetcatalog; path = Assets.xcassets; sourceTree = "<group>"; };
		3D2C647F2B9114600066FBF6 /* Preview Assets.xcassets */ = {isa = PBXFileReference; lastKnownFileType = folder.assetcatalog; path = "Preview Assets.xcassets"; sourceTree = "<group>"; };
		3D2D4ECD2BE1616C003B0F25 /* CityManager.swift */ = {isa = PBXFileReference; lastKnownFileType = sourcecode.swift; path = CityManager.swift; sourceTree = "<group>"; };
		3D3A78252BD51C6C008A2F1E /* CitySelectionViewModel.swift */ = {isa = PBXFileReference; lastKnownFileType = sourcecode.swift; path = CitySelectionViewModel.swift; sourceTree = "<group>"; };
		3D6DC64E2BBF431B008882FE /* MainView.swift */ = {isa = PBXFileReference; lastKnownFileType = sourcecode.swift; path = MainView.swift; sourceTree = "<group>"; };
		3D6DC6502BBF4330008882FE /* SettingsView.swift */ = {isa = PBXFileReference; lastKnownFileType = sourcecode.swift; path = SettingsView.swift; sourceTree = "<group>"; };
		3D6DC6552BBF4985008882FE /* Story.swift */ = {isa = PBXFileReference; lastKnownFileType = sourcecode.swift; path = Story.swift; sourceTree = "<group>"; };
		3DAFC9342B948D11007B7CB4 /* openapi-generator-config.yaml */ = {isa = PBXFileReference; lastKnownFileType = text.yaml; path = "openapi-generator-config.yaml"; sourceTree = "<group>"; };
		3DBB55592B9ACF5D005CFAD0 /* Request.swift */ = {isa = PBXFileReference; lastKnownFileType = sourcecode.swift; path = Request.swift; sourceTree = "<group>"; };
		3DBB555F2B9D0340005CFAD0 /* HTTPBody+Extension.swift */ = {isa = PBXFileReference; lastKnownFileType = sourcecode.swift; path = "HTTPBody+Extension.swift"; sourceTree = "<group>"; };
		3DBB55652B9D09B9005CFAD0 /* openapi.yaml */ = {isa = PBXFileReference; fileEncoding = 4; lastKnownFileType = text.yaml; path = openapi.yaml; sourceTree = "<group>"; };
		3DF3CAAE2B97C5C000F27668 /* NetworkService.swift */ = {isa = PBXFileReference; lastKnownFileType = sourcecode.swift; path = NetworkService.swift; sourceTree = "<group>"; };
		3DF8D7452BC1632700099CCC /* CarrierInfoView.swift */ = {isa = PBXFileReference; lastKnownFileType = sourcecode.swift; path = CarrierInfoView.swift; sourceTree = "<group>"; };
		3DF8D74D2BC16D6300099CCC /* StoryView.swift */ = {isa = PBXFileReference; lastKnownFileType = sourcecode.swift; path = StoryView.swift; sourceTree = "<group>"; };
		DD45DB8F2BE5357D00C702BC /* ColorSchemeManager.swift */ = {isa = PBXFileReference; lastKnownFileType = sourcecode.swift; path = ColorSchemeManager.swift; sourceTree = "<group>"; };
		DD45DB912BE536A100C702BC /* SettingViewModel.swift */ = {isa = PBXFileReference; lastKnownFileType = sourcecode.swift; path = SettingViewModel.swift; sourceTree = "<group>"; };
		DD807B4E2BD806DC005BE914 /* StationSelectionViewModel.swift */ = {isa = PBXFileReference; lastKnownFileType = sourcecode.swift; path = StationSelectionViewModel.swift; sourceTree = "<group>"; };
/* End PBXFileReference section */

/* Begin PBXFrameworksBuildPhase section */
		3D2C64722B91145E0066FBF6 /* Frameworks */ = {
			isa = PBXFrameworksBuildPhase;
			buildActionMask = 2147483647;
			files = (
				3DAFC93A2B948E15007B7CB4 /* OpenAPIRuntime in Frameworks */,
				3DAFC92F2B948C8B007B7CB4 /* OpenAPIURLSession in Frameworks */,
			);
			runOnlyForDeploymentPostprocessing = 0;
		};
/* End PBXFrameworksBuildPhase section */

/* Begin PBXGroup section */
		3D1946E82BD1AC05002AB238 /* SplashScreen */ = {
			isa = PBXGroup;
			children = (
				3D1946E92BD1AC23002AB238 /* SplashScreen.swift */,
			);
			path = SplashScreen;
			sourceTree = "<group>";
		};
		3D20C9D42BC088C600B7353B /* MainView */ = {
			isa = PBXGroup;
			children = (
				3D6DC64E2BBF431B008882FE /* MainView.swift */,
				3D1946ED2BD1B14A002AB238 /* MainViewViewModel.swift */,
			);
			path = MainView;
			sourceTree = "<group>";
		};
		3D20C9D82BC0898A00B7353B /* CitySelection */ = {
			isa = PBXGroup;
			children = (
				3D20C9D62BC0898400B7353B /* CitySelectionView.swift */,
				3D3A78252BD51C6C008A2F1E /* CitySelectionViewModel.swift */,
			);
			path = CitySelection;
			sourceTree = "<group>";
		};
		3D20C9D92BC08A5300B7353B /* StationSelection */ = {
			isa = PBXGroup;
			children = (
				3D20C9DA2BC08A6900B7353B /* StationSelection.swift */,
				DD807B4E2BD806DC005BE914 /* StationSelectionViewModel.swift */,
			);
			path = StationSelection;
			sourceTree = "<group>";
		};
		3D20C9DC2BC0934200B7353B /* RouteList */ = {
			isa = PBXGroup;
			children = (
				3D20C9E12BC0937700B7353B /* RouteListView.swift */,
			);
			path = RouteList;
			sourceTree = "<group>";
		};
		3D20C9E62BC09FB400B7353B /* FilterView */ = {
			isa = PBXGroup;
			children = (
				3D20C9E92BC09FC300B7353B /* FilterView.swift */,
			);
			path = FilterView;
			sourceTree = "<group>";
		};
		3D2C646C2B91145E0066FBF6 = {
			isa = PBXGroup;
			children = (
				3D2C64772B91145E0066FBF6 /* TravelTimetable */,
				3D2C64762B91145E0066FBF6 /* Products */,
				3DAFC9382B948E15007B7CB4 /* Frameworks */,
			);
			sourceTree = "<group>";
		};
		3D2C64762B91145E0066FBF6 /* Products */ = {
			isa = PBXGroup;
			children = (
				3D2C64752B91145E0066FBF6 /* TravelTimetable.app */,
			);
			name = Products;
			sourceTree = "<group>";
		};
		3D2C64772B91145E0066FBF6 /* TravelTimetable */ = {
			isa = PBXGroup;
			children = (
				3D2C64782B91145E0066FBF6 /* TravelTimetableApp.swift */,
				3D2D4ECC2BE1615A003B0F25 /* Managers */,
				3D6DC64D2BBF42F0008882FE /* Scenes */,
				3D6DC6542BBF48ED008882FE /* Models */,
				3D6DC6522BBF434D008882FE /* Network */,
				3DBB555E2B9D0328005CFAD0 /* Extensions */,
				3D2C647C2B9114600066FBF6 /* Assets.xcassets */,
				3D2C647E2B9114600066FBF6 /* Preview Content */,
			);
			path = TravelTimetable;
			sourceTree = "<group>";
		};
		3D2C647E2B9114600066FBF6 /* Preview Content */ = {
			isa = PBXGroup;
			children = (
				3D2C647F2B9114600066FBF6 /* Preview Assets.xcassets */,
			);
			path = "Preview Content";
			sourceTree = "<group>";
		};
		3D2D4ECC2BE1615A003B0F25 /* Managers */ = {
			isa = PBXGroup;
			children = (
				3D2D4ECD2BE1616C003B0F25 /* CityManager.swift */,
				DD45DB8F2BE5357D00C702BC /* ColorSchemeManager.swift */,
			);
			path = Managers;
			sourceTree = "<group>";
		};
		3D6DC64B2BBF42E6008882FE /* Settings */ = {
			isa = PBXGroup;
			children = (
				3D6DC6502BBF4330008882FE /* SettingsView.swift */,
				DD45DB912BE536A100C702BC /* SettingViewModel.swift */,
			);
			path = Settings;
			sourceTree = "<group>";
		};
		3D6DC64C2BBF42EC008882FE /* Main */ = {
			isa = PBXGroup;
			children = (
				3D1946E82BD1AC05002AB238 /* SplashScreen */,
				3D20C9D42BC088C600B7353B /* MainView */,
				3DF8D7482BC16D3800099CCC /* StoryView */,
				3D20C9D82BC0898A00B7353B /* CitySelection */,
				3D20C9D92BC08A5300B7353B /* StationSelection */,
				3D20C9DC2BC0934200B7353B /* RouteList */,
				3D20C9E62BC09FB400B7353B /* FilterView */,
				3DF8D7442BC1630C00099CCC /* CarrierInfo */,
			);
			path = Main;
			sourceTree = "<group>";
		};
		3D6DC64D2BBF42F0008882FE /* Scenes */ = {
			isa = PBXGroup;
			children = (
				3D6DC64C2BBF42EC008882FE /* Main */,
				3D6DC64B2BBF42E6008882FE /* Settings */,
			);
			path = Scenes;
			sourceTree = "<group>";
		};
		3D6DC6522BBF434D008882FE /* Network */ = {
			isa = PBXGroup;
			children = (
				3DBB55652B9D09B9005CFAD0 /* openapi.yaml */,
				3DAFC9342B948D11007B7CB4 /* openapi-generator-config.yaml */,
				3DBB55592B9ACF5D005CFAD0 /* Request.swift */,
				3DF3CAAE2B97C5C000F27668 /* NetworkService.swift */,
			);
			path = Network;
			sourceTree = "<group>";
		};
		3D6DC6542BBF48ED008882FE /* Models */ = {
			isa = PBXGroup;
			children = (
				3D6DC6552BBF4985008882FE /* Story.swift */,
			);
			path = Models;
			sourceTree = "<group>";
		};
		3DAFC9382B948E15007B7CB4 /* Frameworks */ = {
			isa = PBXGroup;
			children = (
			);
			name = Frameworks;
			sourceTree = "<group>";
		};
		3DBB555E2B9D0328005CFAD0 /* Extensions */ = {
			isa = PBXGroup;
			children = (
				3DBB555F2B9D0340005CFAD0 /* HTTPBody+Extension.swift */,
			);
			path = Extensions;
			sourceTree = "<group>";
		};
		3DF8D7442BC1630C00099CCC /* CarrierInfo */ = {
			isa = PBXGroup;
			children = (
				3DF8D7452BC1632700099CCC /* CarrierInfoView.swift */,
			);
			path = CarrierInfo;
			sourceTree = "<group>";
		};
		3DF8D7482BC16D3800099CCC /* StoryView */ = {
			isa = PBXGroup;
			children = (
				3DF8D74D2BC16D6300099CCC /* StoryView.swift */,
			);
			path = StoryView;
			sourceTree = "<group>";
		};
/* End PBXGroup section */

/* Begin PBXNativeTarget section */
		3D2C64742B91145E0066FBF6 /* TravelTimetable */ = {
			isa = PBXNativeTarget;
			buildConfigurationList = 3D2C64832B9114600066FBF6 /* Build configuration list for PBXNativeTarget "TravelTimetable" */;
			buildPhases = (
				3D2C64712B91145E0066FBF6 /* Sources */,
				3D2C64722B91145E0066FBF6 /* Frameworks */,
				3D2C64732B91145E0066FBF6 /* Resources */,
			);
			buildRules = (
			);
			dependencies = (
				3DAFC9312B948CC4007B7CB4 /* PBXTargetDependency */,
			);
			name = TravelTimetable;
			packageProductDependencies = (
				3DAFC92E2B948C8B007B7CB4 /* OpenAPIURLSession */,
				3DAFC9392B948E15007B7CB4 /* OpenAPIRuntime */,
			);
			productName = TravelTimetable;
			productReference = 3D2C64752B91145E0066FBF6 /* TravelTimetable.app */;
			productType = "com.apple.product-type.application";
		};
/* End PBXNativeTarget section */

/* Begin PBXProject section */
		3D2C646D2B91145E0066FBF6 /* Project object */ = {
			isa = PBXProject;
			attributes = {
				BuildIndependentTargetsInParallel = 1;
				LastSwiftUpdateCheck = 1500;
				LastUpgradeCheck = 1500;
				TargetAttributes = {
					3D2C64742B91145E0066FBF6 = {
						CreatedOnToolsVersion = 15.0;
					};
				};
			};
			buildConfigurationList = 3D2C64702B91145E0066FBF6 /* Build configuration list for PBXProject "TravelTimetable" */;
			compatibilityVersion = "Xcode 14.0";
			developmentRegion = en;
			hasScannedForEncodings = 0;
			knownRegions = (
				en,
				Base,
			);
			mainGroup = 3D2C646C2B91145E0066FBF6;
			packageReferences = (
				3DAFC9252B948C42007B7CB4 /* XCRemoteSwiftPackageReference "swift-openapi-generator" */,
				3DAFC92A2B948C71007B7CB4 /* XCRemoteSwiftPackageReference "swift-openapi-runtime" */,
				3DAFC92D2B948C8B007B7CB4 /* XCRemoteSwiftPackageReference "swift-openapi-urlsession" */,
			);
			productRefGroup = 3D2C64762B91145E0066FBF6 /* Products */;
			projectDirPath = "";
			projectRoot = "";
			targets = (
				3D2C64742B91145E0066FBF6 /* TravelTimetable */,
			);
		};
/* End PBXProject section */

/* Begin PBXResourcesBuildPhase section */
		3D2C64732B91145E0066FBF6 /* Resources */ = {
			isa = PBXResourcesBuildPhase;
			buildActionMask = 2147483647;
			files = (
				3D2C64802B9114600066FBF6 /* Preview Assets.xcassets in Resources */,
				3DBB55662B9D09B9005CFAD0 /* openapi.yaml in Resources */,
				3DAFC9352B948D11007B7CB4 /* openapi-generator-config.yaml in Resources */,
				3D2C647D2B9114600066FBF6 /* Assets.xcassets in Resources */,
			);
			runOnlyForDeploymentPostprocessing = 0;
		};
/* End PBXResourcesBuildPhase section */

/* Begin PBXSourcesBuildPhase section */
		3D2C64712B91145E0066FBF6 /* Sources */ = {
			isa = PBXSourcesBuildPhase;
			buildActionMask = 2147483647;
			files = (
				3D20C9EA2BC09FC300B7353B /* FilterView.swift in Sources */,
				3D6DC6562BBF4985008882FE /* Story.swift in Sources */,
				3D3A78262BD51C6C008A2F1E /* CitySelectionViewModel.swift in Sources */,
				3D2D4ECE2BE1616C003B0F25 /* CityManager.swift in Sources */,
				3D1946EA2BD1AC23002AB238 /* SplashScreen.swift in Sources */,
				3D6DC6512BBF4330008882FE /* SettingsView.swift in Sources */,
				DD807B4F2BD806DC005BE914 /* StationSelectionViewModel.swift in Sources */,
				3DF8D7462BC1632700099CCC /* CarrierInfoView.swift in Sources */,
				3D6DC64F2BBF431B008882FE /* MainView.swift in Sources */,
				DD45DB902BE5357D00C702BC /* ColorSchemeManager.swift in Sources */,
				3DBB555A2B9ACF5D005CFAD0 /* Request.swift in Sources */,
				3D20C9D72BC0898400B7353B /* CitySelectionView.swift in Sources */,
				3D1946EE2BD1B14A002AB238 /* MainViewViewModel.swift in Sources */,
				3D2C64792B91145E0066FBF6 /* TravelTimetableApp.swift in Sources */,
				3D20C9E22BC0937700B7353B /* RouteListView.swift in Sources */,
				DD45DB922BE536A100C702BC /* SettingViewModel.swift in Sources */,
				3DF8D74E2BC16D6300099CCC /* StoryView.swift in Sources */,
				3DBB55602B9D0340005CFAD0 /* HTTPBody+Extension.swift in Sources */,
				3DF3CAAF2B97C5C000F27668 /* NetworkService.swift in Sources */,
				3D20C9DB2BC08A6900B7353B /* StationSelection.swift in Sources */,
			);
			runOnlyForDeploymentPostprocessing = 0;
		};
/* End PBXSourcesBuildPhase section */

/* Begin PBXTargetDependency section */
		3DAFC9312B948CC4007B7CB4 /* PBXTargetDependency */ = {
			isa = PBXTargetDependency;
			productRef = 3DAFC9302B948CC4007B7CB4 /* OpenAPIGenerator */;
		};
/* End PBXTargetDependency section */

/* Begin XCBuildConfiguration section */
		3D2C64812B9114600066FBF6 /* Debug */ = {
			isa = XCBuildConfiguration;
			buildSettings = {
				ALWAYS_SEARCH_USER_PATHS = NO;
				ASSETCATALOG_COMPILER_GENERATE_SWIFT_ASSET_SYMBOL_EXTENSIONS = YES;
				CLANG_ANALYZER_NONNULL = YES;
				CLANG_ANALYZER_NUMBER_OBJECT_CONVERSION = YES_AGGRESSIVE;
				CLANG_CXX_LANGUAGE_STANDARD = "gnu++20";
				CLANG_ENABLE_MODULES = YES;
				CLANG_ENABLE_OBJC_ARC = YES;
				CLANG_ENABLE_OBJC_WEAK = YES;
				CLANG_WARN_BLOCK_CAPTURE_AUTORELEASING = YES;
				CLANG_WARN_BOOL_CONVERSION = YES;
				CLANG_WARN_COMMA = YES;
				CLANG_WARN_CONSTANT_CONVERSION = YES;
				CLANG_WARN_DEPRECATED_OBJC_IMPLEMENTATIONS = YES;
				CLANG_WARN_DIRECT_OBJC_ISA_USAGE = YES_ERROR;
				CLANG_WARN_DOCUMENTATION_COMMENTS = YES;
				CLANG_WARN_EMPTY_BODY = YES;
				CLANG_WARN_ENUM_CONVERSION = YES;
				CLANG_WARN_INFINITE_RECURSION = YES;
				CLANG_WARN_INT_CONVERSION = YES;
				CLANG_WARN_NON_LITERAL_NULL_CONVERSION = YES;
				CLANG_WARN_OBJC_IMPLICIT_RETAIN_SELF = YES;
				CLANG_WARN_OBJC_LITERAL_CONVERSION = YES;
				CLANG_WARN_OBJC_ROOT_CLASS = YES_ERROR;
				CLANG_WARN_QUOTED_INCLUDE_IN_FRAMEWORK_HEADER = YES;
				CLANG_WARN_RANGE_LOOP_ANALYSIS = YES;
				CLANG_WARN_STRICT_PROTOTYPES = YES;
				CLANG_WARN_SUSPICIOUS_MOVE = YES;
				CLANG_WARN_UNGUARDED_AVAILABILITY = YES_AGGRESSIVE;
				CLANG_WARN_UNREACHABLE_CODE = YES;
				CLANG_WARN__DUPLICATE_METHOD_MATCH = YES;
				COPY_PHASE_STRIP = NO;
				DEBUG_INFORMATION_FORMAT = dwarf;
				ENABLE_STRICT_OBJC_MSGSEND = YES;
				ENABLE_TESTABILITY = YES;
				ENABLE_USER_SCRIPT_SANDBOXING = YES;
				GCC_C_LANGUAGE_STANDARD = gnu17;
				GCC_DYNAMIC_NO_PIC = NO;
				GCC_NO_COMMON_BLOCKS = YES;
				GCC_OPTIMIZATION_LEVEL = 0;
				GCC_PREPROCESSOR_DEFINITIONS = (
					"DEBUG=1",
					"$(inherited)",
				);
				GCC_WARN_64_TO_32_BIT_CONVERSION = YES;
				GCC_WARN_ABOUT_RETURN_TYPE = YES_ERROR;
				GCC_WARN_UNDECLARED_SELECTOR = YES;
				GCC_WARN_UNINITIALIZED_AUTOS = YES_AGGRESSIVE;
				GCC_WARN_UNUSED_FUNCTION = YES;
				GCC_WARN_UNUSED_VARIABLE = YES;
				IPHONEOS_DEPLOYMENT_TARGET = 17.0;
				LOCALIZATION_PREFERS_STRING_CATALOGS = YES;
				MTL_ENABLE_DEBUG_INFO = INCLUDE_SOURCE;
				MTL_FAST_MATH = YES;
				ONLY_ACTIVE_ARCH = YES;
				SDKROOT = iphoneos;
				SWIFT_ACTIVE_COMPILATION_CONDITIONS = "DEBUG $(inherited)";
				SWIFT_OPTIMIZATION_LEVEL = "-Onone";
			};
			name = Debug;
		};
		3D2C64822B9114600066FBF6 /* Release */ = {
			isa = XCBuildConfiguration;
			buildSettings = {
				ALWAYS_SEARCH_USER_PATHS = NO;
				ASSETCATALOG_COMPILER_GENERATE_SWIFT_ASSET_SYMBOL_EXTENSIONS = YES;
				CLANG_ANALYZER_NONNULL = YES;
				CLANG_ANALYZER_NUMBER_OBJECT_CONVERSION = YES_AGGRESSIVE;
				CLANG_CXX_LANGUAGE_STANDARD = "gnu++20";
				CLANG_ENABLE_MODULES = YES;
				CLANG_ENABLE_OBJC_ARC = YES;
				CLANG_ENABLE_OBJC_WEAK = YES;
				CLANG_WARN_BLOCK_CAPTURE_AUTORELEASING = YES;
				CLANG_WARN_BOOL_CONVERSION = YES;
				CLANG_WARN_COMMA = YES;
				CLANG_WARN_CONSTANT_CONVERSION = YES;
				CLANG_WARN_DEPRECATED_OBJC_IMPLEMENTATIONS = YES;
				CLANG_WARN_DIRECT_OBJC_ISA_USAGE = YES_ERROR;
				CLANG_WARN_DOCUMENTATION_COMMENTS = YES;
				CLANG_WARN_EMPTY_BODY = YES;
				CLANG_WARN_ENUM_CONVERSION = YES;
				CLANG_WARN_INFINITE_RECURSION = YES;
				CLANG_WARN_INT_CONVERSION = YES;
				CLANG_WARN_NON_LITERAL_NULL_CONVERSION = YES;
				CLANG_WARN_OBJC_IMPLICIT_RETAIN_SELF = YES;
				CLANG_WARN_OBJC_LITERAL_CONVERSION = YES;
				CLANG_WARN_OBJC_ROOT_CLASS = YES_ERROR;
				CLANG_WARN_QUOTED_INCLUDE_IN_FRAMEWORK_HEADER = YES;
				CLANG_WARN_RANGE_LOOP_ANALYSIS = YES;
				CLANG_WARN_STRICT_PROTOTYPES = YES;
				CLANG_WARN_SUSPICIOUS_MOVE = YES;
				CLANG_WARN_UNGUARDED_AVAILABILITY = YES_AGGRESSIVE;
				CLANG_WARN_UNREACHABLE_CODE = YES;
				CLANG_WARN__DUPLICATE_METHOD_MATCH = YES;
				COPY_PHASE_STRIP = NO;
				DEBUG_INFORMATION_FORMAT = "dwarf-with-dsym";
				ENABLE_NS_ASSERTIONS = NO;
				ENABLE_STRICT_OBJC_MSGSEND = YES;
				ENABLE_USER_SCRIPT_SANDBOXING = YES;
				GCC_C_LANGUAGE_STANDARD = gnu17;
				GCC_NO_COMMON_BLOCKS = YES;
				GCC_WARN_64_TO_32_BIT_CONVERSION = YES;
				GCC_WARN_ABOUT_RETURN_TYPE = YES_ERROR;
				GCC_WARN_UNDECLARED_SELECTOR = YES;
				GCC_WARN_UNINITIALIZED_AUTOS = YES_AGGRESSIVE;
				GCC_WARN_UNUSED_FUNCTION = YES;
				GCC_WARN_UNUSED_VARIABLE = YES;
				IPHONEOS_DEPLOYMENT_TARGET = 17.0;
				LOCALIZATION_PREFERS_STRING_CATALOGS = YES;
				MTL_ENABLE_DEBUG_INFO = NO;
				MTL_FAST_MATH = YES;
				SDKROOT = iphoneos;
				SWIFT_COMPILATION_MODE = wholemodule;
				VALIDATE_PRODUCT = YES;
			};
			name = Release;
		};
		3D2C64842B9114600066FBF6 /* Debug */ = {
			isa = XCBuildConfiguration;
			buildSettings = {
				ASSETCATALOG_COMPILER_APPICON_NAME = AppIcon;
				ASSETCATALOG_COMPILER_GLOBAL_ACCENT_COLOR_NAME = AccentColor;
				CODE_SIGN_STYLE = Automatic;
				CURRENT_PROJECT_VERSION = 1;
				DEVELOPMENT_ASSET_PATHS = "\"TravelTimetable/Preview Content\"";
				DEVELOPMENT_TEAM = WEZ4D5M6R9;
				ENABLE_PREVIEWS = YES;
				GENERATE_INFOPLIST_FILE = YES;
				INFOPLIST_KEY_UIApplicationSceneManifest_Generation = YES;
				INFOPLIST_KEY_UIApplicationSupportsIndirectInputEvents = YES;
				INFOPLIST_KEY_UILaunchScreen_Generation = YES;
				INFOPLIST_KEY_UISupportedInterfaceOrientations = UIInterfaceOrientationPortrait;
				INFOPLIST_KEY_UISupportedInterfaceOrientations_iPad = "UIInterfaceOrientationLandscapeLeft UIInterfaceOrientationLandscapeRight UIInterfaceOrientationPortrait UIInterfaceOrientationPortraitUpsideDown";
				IPHONEOS_DEPLOYMENT_TARGET = 16.0;
				LD_RUNPATH_SEARCH_PATHS = (
					"$(inherited)",
					"@executable_path/Frameworks",
				);
				MARKETING_VERSION = 1.0;
				PRODUCT_BUNDLE_IDENTIFIER = com.VadimKuzmin.TravelTimetable;
				PRODUCT_NAME = "$(TARGET_NAME)";
				SUPPORTED_PLATFORMS = "iphoneos iphonesimulator";
				SUPPORTS_MACCATALYST = NO;
				SUPPORTS_MAC_DESIGNED_FOR_IPHONE_IPAD = NO;
				SWIFT_EMIT_LOC_STRINGS = YES;
				SWIFT_VERSION = 5.0;
				TARGETED_DEVICE_FAMILY = 1;
			};
			name = Debug;
		};
		3D2C64852B9114600066FBF6 /* Release */ = {
			isa = XCBuildConfiguration;
			buildSettings = {
				ASSETCATALOG_COMPILER_APPICON_NAME = AppIcon;
				ASSETCATALOG_COMPILER_GLOBAL_ACCENT_COLOR_NAME = AccentColor;
				CODE_SIGN_STYLE = Automatic;
				CURRENT_PROJECT_VERSION = 1;
				DEVELOPMENT_ASSET_PATHS = "\"TravelTimetable/Preview Content\"";
				DEVELOPMENT_TEAM = WEZ4D5M6R9;
				ENABLE_PREVIEWS = YES;
				GENERATE_INFOPLIST_FILE = YES;
				INFOPLIST_KEY_UIApplicationSceneManifest_Generation = YES;
				INFOPLIST_KEY_UIApplicationSupportsIndirectInputEvents = YES;
				INFOPLIST_KEY_UILaunchScreen_Generation = YES;
				INFOPLIST_KEY_UISupportedInterfaceOrientations = UIInterfaceOrientationPortrait;
				INFOPLIST_KEY_UISupportedInterfaceOrientations_iPad = "UIInterfaceOrientationLandscapeLeft UIInterfaceOrientationLandscapeRight UIInterfaceOrientationPortrait UIInterfaceOrientationPortraitUpsideDown";
				IPHONEOS_DEPLOYMENT_TARGET = 16.0;
				LD_RUNPATH_SEARCH_PATHS = (
					"$(inherited)",
					"@executable_path/Frameworks",
				);
				MARKETING_VERSION = 1.0;
				PRODUCT_BUNDLE_IDENTIFIER = com.VadimKuzmin.TravelTimetable;
				PRODUCT_NAME = "$(TARGET_NAME)";
				SUPPORTED_PLATFORMS = "iphoneos iphonesimulator";
				SUPPORTS_MACCATALYST = NO;
				SUPPORTS_MAC_DESIGNED_FOR_IPHONE_IPAD = NO;
				SWIFT_EMIT_LOC_STRINGS = YES;
				SWIFT_VERSION = 5.0;
				TARGETED_DEVICE_FAMILY = 1;
			};
			name = Release;
		};
/* End XCBuildConfiguration section */

/* Begin XCConfigurationList section */
		3D2C64702B91145E0066FBF6 /* Build configuration list for PBXProject "TravelTimetable" */ = {
			isa = XCConfigurationList;
			buildConfigurations = (
				3D2C64812B9114600066FBF6 /* Debug */,
				3D2C64822B9114600066FBF6 /* Release */,
			);
			defaultConfigurationIsVisible = 0;
			defaultConfigurationName = Release;
		};
		3D2C64832B9114600066FBF6 /* Build configuration list for PBXNativeTarget "TravelTimetable" */ = {
			isa = XCConfigurationList;
			buildConfigurations = (
				3D2C64842B9114600066FBF6 /* Debug */,
				3D2C64852B9114600066FBF6 /* Release */,
			);
			defaultConfigurationIsVisible = 0;
			defaultConfigurationName = Release;
		};
/* End XCConfigurationList section */

/* Begin XCRemoteSwiftPackageReference section */
		3DAFC9252B948C42007B7CB4 /* XCRemoteSwiftPackageReference "swift-openapi-generator" */ = {
			isa = XCRemoteSwiftPackageReference;
			repositoryURL = "https://github.com/apple/swift-openapi-generator";
			requirement = {
				kind = upToNextMajorVersion;
				minimumVersion = 1.2.1;
			};
		};
		3DAFC92A2B948C71007B7CB4 /* XCRemoteSwiftPackageReference "swift-openapi-runtime" */ = {
			isa = XCRemoteSwiftPackageReference;
			repositoryURL = "https://github.com/apple/swift-openapi-runtime";
			requirement = {
				kind = upToNextMajorVersion;
				minimumVersion = 1.3.2;
			};
		};
		3DAFC92D2B948C8B007B7CB4 /* XCRemoteSwiftPackageReference "swift-openapi-urlsession" */ = {
			isa = XCRemoteSwiftPackageReference;
			repositoryURL = "https://github.com/apple/swift-openapi-urlsession";
			requirement = {
				kind = upToNextMajorVersion;
				minimumVersion = 1.0.1;
			};
		};
/* End XCRemoteSwiftPackageReference section */

/* Begin XCSwiftPackageProductDependency section */
		3DAFC92E2B948C8B007B7CB4 /* OpenAPIURLSession */ = {
			isa = XCSwiftPackageProductDependency;
			package = 3DAFC92D2B948C8B007B7CB4 /* XCRemoteSwiftPackageReference "swift-openapi-urlsession" */;
			productName = OpenAPIURLSession;
		};
		3DAFC9302B948CC4007B7CB4 /* OpenAPIGenerator */ = {
			isa = XCSwiftPackageProductDependency;
			package = 3DAFC9252B948C42007B7CB4 /* XCRemoteSwiftPackageReference "swift-openapi-generator" */;
			productName = "plugin:OpenAPIGenerator";
		};
		3DAFC9392B948E15007B7CB4 /* OpenAPIRuntime */ = {
			isa = XCSwiftPackageProductDependency;
			package = 3DAFC92A2B948C71007B7CB4 /* XCRemoteSwiftPackageReference "swift-openapi-runtime" */;
			productName = OpenAPIRuntime;
		};
/* End XCSwiftPackageProductDependency section */
	};
	rootObject = 3D2C646D2B91145E0066FBF6 /* Project object */;
}
